// !$*UTF8*$!
{
	archiveVersion = 1;
	classes = {
	};
	objectVersion = 50;
	objects = {

/* Begin PBXBuildFile section */
		4312EF232427475200CBFFE0 /* PlaySounds.swift in Sources */ = {isa = PBXBuildFile; fileRef = 4312EF222427475200CBFFE0 /* PlaySounds.swift */; };
		4312EF2524274A3700CBFFE0 /* Helper.swift in Sources */ = {isa = PBXBuildFile; fileRef = 4312EF2424274A3700CBFFE0 /* Helper.swift */; };
		4312EF2924274C3200CBFFE0 /* PlaySoundsViewController.swift in Sources */ = {isa = PBXBuildFile; fileRef = 4312EF2824274C3200CBFFE0 /* PlaySoundsViewController.swift */; };
		435394D6242684E90001A978 /* AppDelegate.swift in Sources */ = {isa = PBXBuildFile; fileRef = 435394D5242684E90001A978 /* AppDelegate.swift */; };
		435394D8242684E90001A978 /* SceneDelegate.swift in Sources */ = {isa = PBXBuildFile; fileRef = 435394D7242684E90001A978 /* SceneDelegate.swift */; };
		435394DA242684E90001A978 /* RecordSoundsViewController.swift in Sources */ = {isa = PBXBuildFile; fileRef = 435394D9242684E90001A978 /* RecordSoundsViewController.swift */; };
		435394DD242684E90001A978 /* Main.storyboard in Resources */ = {isa = PBXBuildFile; fileRef = 435394DB242684E90001A978 /* Main.storyboard */; };
		435394DF242684EB0001A978 /* Assets.xcassets in Resources */ = {isa = PBXBuildFile; fileRef = 435394DE242684EB0001A978 /* Assets.xcassets */; };
		435394E2242684EB0001A978 /* LaunchScreen.storyboard in Resources */ = {isa = PBXBuildFile; fileRef = 435394E0242684EB0001A978 /* LaunchScreen.storyboard */; };
		435394EC242742150001A978 /* Recorder.swift in Sources */ = {isa = PBXBuildFile; fileRef = 435394EB242742150001A978 /* Recorder.swift */; };
/* End PBXBuildFile section */

/* Begin PBXFileReference section */
		4312EF222427475200CBFFE0 /* PlaySounds.swift */ = {isa = PBXFileReference; lastKnownFileType = sourcecode.swift; path = PlaySounds.swift; sourceTree = "<group>"; };
		4312EF2424274A3700CBFFE0 /* Helper.swift */ = {isa = PBXFileReference; lastKnownFileType = sourcecode.swift; path = Helper.swift; sourceTree = "<group>"; };
		4312EF2824274C3200CBFFE0 /* PlaySoundsViewController.swift */ = {isa = PBXFileReference; lastKnownFileType = sourcecode.swift; path = PlaySoundsViewController.swift; sourceTree = "<group>"; };
		435394D2242684E90001A978 /* PitchPerfect.app */ = {isa = PBXFileReference; explicitFileType = wrapper.application; includeInIndex = 0; path = PitchPerfect.app; sourceTree = BUILT_PRODUCTS_DIR; };
		435394D5242684E90001A978 /* AppDelegate.swift */ = {isa = PBXFileReference; lastKnownFileType = sourcecode.swift; path = AppDelegate.swift; sourceTree = "<group>"; };
		435394D7242684E90001A978 /* SceneDelegate.swift */ = {isa = PBXFileReference; lastKnownFileType = sourcecode.swift; path = SceneDelegate.swift; sourceTree = "<group>"; };
		435394D9242684E90001A978 /* RecordSoundsViewController.swift */ = {isa = PBXFileReference; lastKnownFileType = sourcecode.swift; path = RecordSoundsViewController.swift; sourceTree = "<group>"; };
		435394DC242684E90001A978 /* Base */ = {isa = PBXFileReference; lastKnownFileType = file.storyboard; name = Base; path = Base.lproj/Main.storyboard; sourceTree = "<group>"; };
		435394DE242684EB0001A978 /* Assets.xcassets */ = {isa = PBXFileReference; lastKnownFileType = folder.assetcatalog; path = Assets.xcassets; sourceTree = "<group>"; };
		435394E1242684EB0001A978 /* Base */ = {isa = PBXFileReference; lastKnownFileType = file.storyboard; name = Base; path = Base.lproj/LaunchScreen.storyboard; sourceTree = "<group>"; };
		435394E3242684EB0001A978 /* Info.plist */ = {isa = PBXFileReference; lastKnownFileType = text.plist.xml; path = Info.plist; sourceTree = "<group>"; };
		435394EB242742150001A978 /* Recorder.swift */ = {isa = PBXFileReference; lastKnownFileType = sourcecode.swift; path = Recorder.swift; sourceTree = "<group>"; };
/* End PBXFileReference section */

/* Begin PBXFrameworksBuildPhase section */
		435394CF242684E90001A978 /* Frameworks */ = {
			isa = PBXFrameworksBuildPhase;
			buildActionMask = 2147483647;
			files = (
			);
			runOnlyForDeploymentPostprocessing = 0;
		};
/* End PBXFrameworksBuildPhase section */

/* Begin PBXGroup section */
		4312EF2624274C0B00CBFFE0 /* View */ = {
			isa = PBXGroup;
			children = (
				435394DB242684E90001A978 /* Main.storyboard */,
			);
			path = View;
			sourceTree = "<group>";
		};
		4312EF2724274C1100CBFFE0 /* Controller */ = {
			isa = PBXGroup;
			children = (
				435394D9242684E90001A978 /* RecordSoundsViewController.swift */,
				4312EF2824274C3200CBFFE0 /* PlaySoundsViewController.swift */,
			);
			path = Controller;
			sourceTree = "<group>";
		};
		435394C9242684E90001A978 = {
			isa = PBXGroup;
			children = (
				435394D4242684E90001A978 /* PitchPerfect */,
				435394D3242684E90001A978 /* Products */,
			);
			sourceTree = "<group>";
		};
		435394D3242684E90001A978 /* Products */ = {
			isa = PBXGroup;
			children = (
				435394D2242684E90001A978 /* PitchPerfect.app */,
			);
			name = Products;
			sourceTree = "<group>";
		};
		435394D4242684E90001A978 /* PitchPerfect */ = {
			isa = PBXGroup;
			children = (
				435394D5242684E90001A978 /* AppDelegate.swift */,
				435394D7242684E90001A978 /* SceneDelegate.swift */,
				435394ED2427421B0001A978 /* Model */,
				4312EF2624274C0B00CBFFE0 /* View */,
				4312EF2724274C1100CBFFE0 /* Controller */,
				435394DE242684EB0001A978 /* Assets.xcassets */,
				435394E0242684EB0001A978 /* LaunchScreen.storyboard */,
				435394E3242684EB0001A978 /* Info.plist */,
				4312EF2424274A3700CBFFE0 /* Helper.swift */,
			);
			path = PitchPerfect;
			sourceTree = "<group>";
		};
		435394ED2427421B0001A978 /* Model */ = {
			isa = PBXGroup;
			children = (
				435394EB242742150001A978 /* Recorder.swift */,
				4312EF222427475200CBFFE0 /* PlaySounds.swift */,
			);
			path = Model;
			sourceTree = "<group>";
		};
/* End PBXGroup section */

/* Begin PBXNativeTarget section */
		435394D1242684E90001A978 /* PitchPerfect */ = {
			isa = PBXNativeTarget;
			buildConfigurationList = 435394E6242684EB0001A978 /* Build configuration list for PBXNativeTarget "PitchPerfect" */;
			buildPhases = (
				435394CE242684E90001A978 /* Sources */,
				435394CF242684E90001A978 /* Frameworks */,
				435394D0242684E90001A978 /* Resources */,
			);
			buildRules = (
			);
			dependencies = (
			);
			name = PitchPerfect;
			productName = PitchPerfect;
			productReference = 435394D2242684E90001A978 /* PitchPerfect.app */;
			productType = "com.apple.product-type.application";
		};
/* End PBXNativeTarget section */

/* Begin PBXProject section */
		435394CA242684E90001A978 /* Project object */ = {
			isa = PBXProject;
			attributes = {
				LastSwiftUpdateCheck = 1130;
				LastUpgradeCheck = 1130;
				ORGANIZATIONNAME = "Kittikawin Sontinarakul";
				TargetAttributes = {
					435394D1242684E90001A978 = {
						CreatedOnToolsVersion = 11.3.1;
					};
				};
			};
			buildConfigurationList = 435394CD242684E90001A978 /* Build configuration list for PBXProject "PitchPerfect" */;
			compatibilityVersion = "Xcode 9.3";
			developmentRegion = en;
			hasScannedForEncodings = 0;
			knownRegions = (
				en,
				Base,
			);
			mainGroup = 435394C9242684E90001A978;
			productRefGroup = 435394D3242684E90001A978 /* Products */;
			projectDirPath = "";
			projectRoot = "";
			targets = (
				435394D1242684E90001A978 /* PitchPerfect */,
			);
		};
/* End PBXProject section */

/* Begin PBXResourcesBuildPhase section */
		435394D0242684E90001A978 /* Resources */ = {
			isa = PBXResourcesBuildPhase;
			buildActionMask = 2147483647;
			files = (
				435394E2242684EB0001A978 /* LaunchScreen.storyboard in Resources */,
				435394DF242684EB0001A978 /* Assets.xcassets in Resources */,
				435394DD242684E90001A978 /* Main.storyboard in Resources */,
			);
			runOnlyForDeploymentPostprocessing = 0;
		};
/* End PBXResourcesBuildPhase section */

/* Begin PBXSourcesBuildPhase section */
		435394CE242684E90001A978 /* Sources */ = {
			isa = PBXSourcesBuildPhase;
			buildActionMask = 2147483647;
			files = (
				435394EC242742150001A978 /* Recorder.swift in Sources */,
				4312EF232427475200CBFFE0 /* PlaySounds.swift in Sources */,
				435394DA242684E90001A978 /* RecordSoundsViewController.swift in Sources */,
				4312EF2924274C3200CBFFE0 /* PlaySoundsViewController.swift in Sources */,
				435394D6242684E90001A978 /* AppDelegate.swift in Sources */,
				435394D8242684E90001A978 /* SceneDelegate.swift in Sources */,
				4312EF2524274A3700CBFFE0 /* Helper.swift in Sources */,
			);
			runOnlyForDeploymentPostprocessing = 0;
		};
/* End PBXSourcesBuildPhase section */

/* Begin PBXVariantGroup section */
		435394DB242684E90001A978 /* Main.storyboard */ = {
			isa = PBXVariantGroup;
			children = (
				435394DC242684E90001A978 /* Base */,
			);
			name = Main.storyboard;
			sourceTree = "<group>";
		};
		435394E0242684EB0001A978 /* LaunchScreen.storyboard */ = {
			isa = PBXVariantGroup;
			children = (
				435394E1242684EB0001A978 /* Base */,
			);
			name = LaunchScreen.storyboard;
			sourceTree = "<group>";
		};
/* End PBXVariantGroup section */

/* Begin XCBuildConfiguration section */
		435394E4242684EB0001A978 /* Debug */ = {
			isa = XCBuildConfiguration;
			buildSettings = {
				ALWAYS_SEARCH_USER_PATHS = NO;
				CLANG_ANALYZER_NONNULL = YES;
				CLANG_ANALYZER_NUMBER_OBJECT_CONVERSION = YES_AGGRESSIVE;
				CLANG_CXX_LANGUAGE_STANDARD = "gnu++14";
				CLANG_CXX_LIBRARY = "libc++";
				CLANG_ENABLE_MODULES = YES;
				CLANG_ENABLE_OBJC_ARC = YES;
				CLANG_ENABLE_OBJC_WEAK = YES;
				CLANG_WARN_BLOCK_CAPTURE_AUTORELEASING = YES;
				CLANG_WARN_BOOL_CONVERSION = YES;
				CLANG_WARN_COMMA = YES;
				CLANG_WARN_CONSTANT_CONVERSION = YES;
				CLANG_WARN_DEPRECATED_OBJC_IMPLEMENTATIONS = YES;
				CLANG_WARN_DIRECT_OBJC_ISA_USAGE = YES_ERROR;
				CLANG_WARN_DOCUMENTATION_COMMENTS = YES;
				CLANG_WARN_EMPTY_BODY = YES;
				CLANG_WARN_ENUM_CONVERSION = YES;
				CLANG_WARN_INFINITE_RECURSION = YES;
				CLANG_WARN_INT_CONVERSION = YES;
				CLANG_WARN_NON_LITERAL_NULL_CONVERSION = YES;
				CLANG_WARN_OBJC_IMPLICIT_RETAIN_SELF = YES;
				CLANG_WARN_OBJC_LITERAL_CONVERSION = YES;
				CLANG_WARN_OBJC_ROOT_CLASS = YES_ERROR;
				CLANG_WARN_RANGE_LOOP_ANALYSIS = YES;
				CLANG_WARN_STRICT_PROTOTYPES = YES;
				CLANG_WARN_SUSPICIOUS_MOVE = YES;
				CLANG_WARN_UNGUARDED_AVAILABILITY = YES_AGGRESSIVE;
				CLANG_WARN_UNREACHABLE_CODE = YES;
				CLANG_WARN__DUPLICATE_METHOD_MATCH = YES;
				COPY_PHASE_STRIP = NO;
				DEBUG_INFORMATION_FORMAT = dwarf;
				ENABLE_STRICT_OBJC_MSGSEND = YES;
				ENABLE_TESTABILITY = YES;
				GCC_C_LANGUAGE_STANDARD = gnu11;
				GCC_DYNAMIC_NO_PIC = NO;
				GCC_NO_COMMON_BLOCKS = YES;
				GCC_OPTIMIZATION_LEVEL = 0;
				GCC_PREPROCESSOR_DEFINITIONS = (
					"DEBUG=1",
					"$(inherited)",
				);
				GCC_WARN_64_TO_32_BIT_CONVERSION = YES;
				GCC_WARN_ABOUT_RETURN_TYPE = YES_ERROR;
				GCC_WARN_UNDECLARED_SELECTOR = YES;
				GCC_WARN_UNINITIALIZED_AUTOS = YES_AGGRESSIVE;
				GCC_WARN_UNUSED_FUNCTION = YES;
				GCC_WARN_UNUSED_VARIABLE = YES;
				IPHONEOS_DEPLOYMENT_TARGET = 13.2;
				MTL_ENABLE_DEBUG_INFO = INCLUDE_SOURCE;
				MTL_FAST_MATH = YES;
				ONLY_ACTIVE_ARCH = YES;
				SDKROOT = iphoneos;
				SWIFT_ACTIVE_COMPILATION_CONDITIONS = DEBUG;
				SWIFT_OPTIMIZATION_LEVEL = "-Onone";
			};
			name = Debug;
		};
		435394E5242684EB0001A978 /* Release */ = {
			isa = XCBuildConfiguration;
			buildSettings = {
				ALWAYS_SEARCH_USER_PATHS = NO;
				CLANG_ANALYZER_NONNULL = YES;
				CLANG_ANALYZER_NUMBER_OBJECT_CONVERSION = YES_AGGRESSIVE;
				CLANG_CXX_LANGUAGE_STANDARD = "gnu++14";
				CLANG_CXX_LIBRARY = "libc++";
				CLANG_ENABLE_MODULES = YES;
				CLANG_ENABLE_OBJC_ARC = YES;
				CLANG_ENABLE_OBJC_WEAK = YES;
				CLANG_WARN_BLOCK_CAPTURE_AUTORELEASING = YES;
				CLANG_WARN_BOOL_CONVERSION = YES;
				CLANG_WARN_COMMA = YES;
				CLANG_WARN_CONSTANT_CONVERSION = YES;
				CLANG_WARN_DEPRECATED_OBJC_IMPLEMENTATIONS = YES;
				CLANG_WARN_DIRECT_OBJC_ISA_USAGE = YES_ERROR;
				CLANG_WARN_DOCUMENTATION_COMMENTS = YES;
				CLANG_WARN_EMPTY_BODY = YES;
				CLANG_WARN_ENUM_CONVERSION = YES;
				CLANG_WARN_INFINITE_RECURSION = YES;
				CLANG_WARN_INT_CONVERSION = YES;
				CLANG_WARN_NON_LITERAL_NULL_CONVERSION = YES;
				CLANG_WARN_OBJC_IMPLICIT_RETAIN_SELF = YES;
				CLANG_WARN_OBJC_LITERAL_CONVERSION = YES;
				CLANG_WARN_OBJC_ROOT_CLASS = YES_ERROR;
				CLANG_WARN_RANGE_LOOP_ANALYSIS = YES;
				CLANG_WARN_STRICT_PROTOTYPES = YES;
				CLANG_WARN_SUSPICIOUS_MOVE = YES;
				CLANG_WARN_UNGUARDED_AVAILABILITY = YES_AGGRESSIVE;
				CLANG_WARN_UNREACHABLE_CODE = YES;
				CLANG_WARN__DUPLICATE_METHOD_MATCH = YES;
				COPY_PHASE_STRIP = NO;
				DEBUG_INFORMATION_FORMAT = "dwarf-with-dsym";
				ENABLE_NS_ASSERTIONS = NO;
				ENABLE_STRICT_OBJC_MSGSEND = YES;
				GCC_C_LANGUAGE_STANDARD = gnu11;
				GCC_NO_COMMON_BLOCKS = YES;
				GCC_WARN_64_TO_32_BIT_CONVERSION = YES;
				GCC_WARN_ABOUT_RETURN_TYPE = YES_ERROR;
				GCC_WARN_UNDECLARED_SELECTOR = YES;
				GCC_WARN_UNINITIALIZED_AUTOS = YES_AGGRESSIVE;
				GCC_WARN_UNUSED_FUNCTION = YES;
				GCC_WARN_UNUSED_VARIABLE = YES;
				IPHONEOS_DEPLOYMENT_TARGET = 13.2;
				MTL_ENABLE_DEBUG_INFO = NO;
				MTL_FAST_MATH = YES;
				SDKROOT = iphoneos;
				SWIFT_COMPILATION_MODE = wholemodule;
				SWIFT_OPTIMIZATION_LEVEL = "-O";
				VALIDATE_PRODUCT = YES;
			};
			name = Release;
		};
		435394E7242684EB0001A978 /* Debug */ = {
			isa = XCBuildConfiguration;
			buildSettings = {
				ASSETCATALOG_COMPILER_APPICON_NAME = AppIcon;
				CODE_SIGN_STYLE = Automatic;
				DEVELOPMENT_TEAM = G9368GD97P;
				INFOPLIST_FILE = PitchPerfect/Info.plist;
				LD_RUNPATH_SEARCH_PATHS = (
					"$(inherited)",
					"@executable_path/Frameworks",
				);
				PRODUCT_BUNDLE_IDENTIFIER = com.kittikawins.PitchPerfect;
				PRODUCT_NAME = "$(TARGET_NAME)";
				SWIFT_VERSION = 5.0;
				TARGETED_DEVICE_FAMILY = "1,2";
			};
			name = Debug;
		};
		435394E8242684EB0001A978 /* Release */ = {
			isa = XCBuildConfiguration;
			buildSettings = {
				ASSETCATALOG_COMPILER_APPICON_NAME = AppIcon;
				CODE_SIGN_STYLE = Automatic;
				DEVELOPMENT_TEAM = G9368GD97P;
				INFOPLIST_FILE = PitchPerfect/Info.plist;
				LD_RUNPATH_SEARCH_PATHS = (
					"$(inherited)",
					"@executable_path/Frameworks",
				);
				PRODUCT_BUNDLE_IDENTIFIER = com.kittikawins.PitchPerfect;
				PRODUCT_NAME = "$(TARGET_NAME)";
				SWIFT_VERSION = 5.0;
				TARGETED_DEVICE_FAMILY = "1,2";
			};
			name = Release;
		};
/* End XCBuildConfiguration section */

/* Begin XCConfigurationList section */
		435394CD242684E90001A978 /* Build configuration list for PBXProject "PitchPerfect" */ = {
			isa = XCConfigurationList;
			buildConfigurations = (
				435394E4242684EB0001A978 /* Debug */,
				435394E5242684EB0001A978 /* Release */,
			);
			defaultConfigurationIsVisible = 0;
			defaultConfigurationName = Release;
		};
		435394E6242684EB0001A978 /* Build configuration list for PBXNativeTarget "PitchPerfect" */ = {
			isa = XCConfigurationList;
			buildConfigurations = (
				435394E7242684EB0001A978 /* Debug */,
				435394E8242684EB0001A978 /* Release */,
			);
			defaultConfigurationIsVisible = 0;
			defaultConfigurationName = Release;
		};
/* End XCConfigurationList section */
	};
	rootObject = 435394CA242684E90001A978 /* Project object */;
}
